
Microsoft Visual Studio Solution File, Format Version 12.00
# Visual Studio 15
VisualStudioVersion = 15.0.28307.271
MinimumVisualStudioVersion = 10.0.40219.1
Project("{FAE04EC0-301F-11D3-BF4B-00C04F79EFBC}") = "MyRecipes.Android", "MyRecipes\MyRecipes.Android\MyRecipes.Android.csproj", "{24CE3C36-16B9-426D-AA0C-5961ECF8D88C}"
EndProject
Project("{FAE04EC0-301F-11D3-BF4B-00C04F79EFBC}") = "MyRecipes.iOS", "MyRecipes\MyRecipes.iOS\MyRecipes.iOS.csproj", "{3EFF7488-D447-41F3-A146-9DCD97E77A3F}"
EndProject
Project("{FAE04EC0-301F-11D3-BF4B-00C04F79EFBC}") = "MyRecipes.UWP", "MyRecipes\MyRecipes.UWP\MyRecipes.UWP.csproj", "{C5643278-75B3-438D-89B1-64B2E4FEF517}"
EndProject
Project("{FAE04EC0-301F-11D3-BF4B-00C04F79EFBC}") = "MyRecipes", "MyRecipes\MyRecipes\MyRecipes.csproj", "{F647FFA7-1BC1-4AE4-937F-BE000D6C4DA1}"
EndProject
Global
	GlobalSection(SolutionConfigurationPlatforms) = preSolution
		Debug|Any CPU = Debug|Any CPU
		Debug|ARM = Debug|ARM
		Debug|iPhone = Debug|iPhone
		Debug|iPhoneSimulator = Debug|iPhoneSimulator
		Debug|x64 = Debug|x64
		Debug|x86 = Debug|x86
		Release|Any CPU = Release|Any CPU
		Release|ARM = Release|ARM
		Release|iPhone = Release|iPhone
		Release|iPhoneSimulator = Release|iPhoneSimulator
		Release|x64 = Release|x64
		Release|x86 = Release|x86
	EndGlobalSection
	GlobalSection(ProjectConfigurationPlatforms) = postSolution
		{24CE3C36-16B9-426D-AA0C-5961ECF8D88C}.Debug|Any CPU.ActiveCfg = Debug|Any CPU
		{24CE3C36-16B9-426D-AA0C-5961ECF8D88C}.Debug|Any CPU.Build.0 = Debug|Any CPU
		{24CE3C36-16B9-426D-AA0C-5961ECF8D88C}.Debug|Any CPU.Deploy.0 = Debug|Any CPU
		{24CE3C36-16B9-426D-AA0C-5961ECF8D88C}.Debug|ARM.ActiveCfg = Debug|Any CPU
		{24CE3C36-16B9-426D-AA0C-5961ECF8D88C}.Debug|ARM.Build.0 = Debug|Any CPU
		{24CE3C36-16B9-426D-AA0C-5961ECF8D88C}.Debug|ARM.Deploy.0 = Debug|Any CPU
		{24CE3C36-16B9-426D-AA0C-5961ECF8D88C}.Debug|iPhone.ActiveCfg = Debug|Any CPU
		{24CE3C36-16B9-426D-AA0C-5961ECF8D88C}.Debug|iPhone.Build.0 = Debug|Any CPU
		{24CE3C36-16B9-426D-AA0C-5961ECF8D88C}.Debug|iPhone.Deploy.0 = Debug|Any CPU
		{24CE3C36-16B9-426D-AA0C-5961ECF8D88C}.Debug|iPhoneSimulator.ActiveCfg = Debug|Any CPU
		{24CE3C36-16B9-426D-AA0C-5961ECF8D88C}.Debug|iPhoneSimulator.Build.0 = Debug|Any CPU
		{24CE3C36-16B9-426D-AA0C-5961ECF8D88C}.Debug|iPhoneSimulator.Deploy.0 = Debug|Any CPU
		{24CE3C36-16B9-426D-AA0C-5961ECF8D88C}.Debug|x64.ActiveCfg = Debug|Any CPU
		{24CE3C36-16B9-426D-AA0C-5961ECF8D88C}.Debug|x64.Build.0 = Debug|Any CPU
		{24CE3C36-16B9-426D-AA0C-5961ECF8D88C}.Debug|x64.Deploy.0 = Debug|Any CPU
		{24CE3C36-16B9-426D-AA0C-5961ECF8D88C}.Debug|x86.ActiveCfg = Debug|Any CPU
		{24CE3C36-16B9-426D-AA0C-5961ECF8D88C}.Debug|x86.Build.0 = Debug|Any CPU
		{24CE3C36-16B9-426D-AA0C-5961ECF8D88C}.Debug|x86.Deploy.0 = Debug|Any CPU
		{24CE3C36-16B9-426D-AA0C-5961ECF8D88C}.Release|Any CPU.ActiveCfg = Release|Any CPU
		{24CE3C36-16B9-426D-AA0C-5961ECF8D88C}.Release|Any CPU.Build.0 = Release|Any CPU
		{24CE3C36-16B9-426D-AA0C-5961ECF8D88C}.Release|Any CPU.Deploy.0 = Release|Any CPU
		{24CE3C36-16B9-426D-AA0C-5961ECF8D88C}.Release|ARM.ActiveCfg = Release|Any CPU
		{24CE3C36-16B9-426D-AA0C-5961ECF8D88C}.Release|ARM.Build.0 = Release|Any CPU
		{24CE3C36-16B9-426D-AA0C-5961ECF8D88C}.Release|ARM.Deploy.0 = Release|Any CPU
		{24CE3C36-16B9-426D-AA0C-5961ECF8D88C}.Release|iPhone.ActiveCfg = Release|Any CPU
		{24CE3C36-16B9-426D-AA0C-5961ECF8D88C}.Release|iPhone.Build.0 = Release|Any CPU
		{24CE3C36-16B9-426D-AA0C-5961ECF8D88C}.Release|iPhone.Deploy.0 = Release|Any CPU
		{24CE3C36-16B9-426D-AA0C-5961ECF8D88C}.Release|iPhoneSimulator.ActiveCfg = Release|Any CPU
		{24CE3C36-16B9-426D-AA0C-5961ECF8D88C}.Release|iPhoneSimulator.Build.0 = Release|Any CPU
		{24CE3C36-16B9-426D-AA0C-5961ECF8D88C}.Release|iPhoneSimulator.Deploy.0 = Release|Any CPU
		{24CE3C36-16B9-426D-AA0C-5961ECF8D88C}.Release|x64.ActiveCfg = Release|Any CPU
		{24CE3C36-16B9-426D-AA0C-5961ECF8D88C}.Release|x64.Build.0 = Release|Any CPU
		{24CE3C36-16B9-426D-AA0C-5961ECF8D88C}.Release|x64.Deploy.0 = Release|Any CPU
		{24CE3C36-16B9-426D-AA0C-5961ECF8D88C}.Release|x86.ActiveCfg = Release|Any CPU
		{24CE3C36-16B9-426D-AA0C-5961ECF8D88C}.Release|x86.Build.0 = Release|Any CPU
		{24CE3C36-16B9-426D-AA0C-5961ECF8D88C}.Release|x86.Deploy.0 = Release|Any CPU
		{3EFF7488-D447-41F3-A146-9DCD97E77A3F}.Debug|Any CPU.ActiveCfg = Debug|iPhoneSimulator
		{3EFF7488-D447-41F3-A146-9DCD97E77A3F}.Debug|Any CPU.Build.0 = Debug|iPhoneSimulator
		{3EFF7488-D447-41F3-A146-9DCD97E77A3F}.Debug|Any CPU.Deploy.0 = Debug|iPhoneSimulator
		{3EFF7488-D447-41F3-A146-9DCD97E77A3F}.Debug|ARM.ActiveCfg = Debug|iPhone
		{3EFF7488-D447-41F3-A146-9DCD97E77A3F}.Debug|ARM.Build.0 = Debug|iPhone
		{3EFF7488-D447-41F3-A146-9DCD97E77A3F}.Debug|ARM.Deploy.0 = Debug|iPhone
		{3EFF7488-D447-41F3-A146-9DCD97E77A3F}.Debug|iPhone.ActiveCfg = Debug|iPhone
		{3EFF7488-D447-41F3-A146-9DCD97E77A3F}.Debug|iPhone.Build.0 = Debug|iPhone
		{3EFF7488-D447-41F3-A146-9DCD97E77A3F}.Debug|iPhone.Deploy.0 = Debug|iPhone
		{3EFF7488-D447-41F3-A146-9DCD97E77A3F}.Debug|iPhoneSimulator.ActiveCfg = Debug|iPhoneSimulator
		{3EFF7488-D447-41F3-A146-9DCD97E77A3F}.Debug|iPhoneSimulator.Build.0 = Debug|iPhoneSimulator
		{3EFF7488-D447-41F3-A146-9DCD97E77A3F}.Debug|iPhoneSimulator.Deploy.0 = Debug|iPhoneSimulator
		{3EFF7488-D447-41F3-A146-9DCD97E77A3F}.Debug|x64.ActiveCfg = Debug|iPhone
		{3EFF7488-D447-41F3-A146-9DCD97E77A3F}.Debug|x64.Build.0 = Debug|iPhone
		{3EFF7488-D447-41F3-A146-9DCD97E77A3F}.Debug|x64.Deploy.0 = Debug|iPhone
		{3EFF7488-D447-41F3-A146-9DCD97E77A3F}.Debug|x86.ActiveCfg = Debug|iPhone
		{3EFF7488-D447-41F3-A146-9DCD97E77A3F}.Debug|x86.Build.0 = Debug|iPhone
		{3EFF7488-D447-41F3-A146-9DCD97E77A3F}.Debug|x86.Deploy.0 = Debug|iPhone
		{3EFF7488-D447-41F3-A146-9DCD97E77A3F}.Release|Any CPU.ActiveCfg = Release|iPhone
		{3EFF7488-D447-41F3-A146-9DCD97E77A3F}.Release|Any CPU.Build.0 = Release|iPhone
		{3EFF7488-D447-41F3-A146-9DCD97E77A3F}.Release|Any CPU.Deploy.0 = Release|iPhone
		{3EFF7488-D447-41F3-A146-9DCD97E77A3F}.Release|ARM.ActiveCfg = Release|iPhone
		{3EFF7488-D447-41F3-A146-9DCD97E77A3F}.Release|ARM.Build.0 = Release|iPhone
		{3EFF7488-D447-41F3-A146-9DCD97E77A3F}.Release|ARM.Deploy.0 = Release|iPhone
		{3EFF7488-D447-41F3-A146-9DCD97E77A3F}.Release|iPhone.ActiveCfg = Release|iPhone
		{3EFF7488-D447-41F3-A146-9DCD97E77A3F}.Release|iPhone.Build.0 = Release|iPhone
		{3EFF7488-D447-41F3-A146-9DCD97E77A3F}.Release|iPhone.Deploy.0 = Release|iPhone
		{3EFF7488-D447-41F3-A146-9DCD97E77A3F}.Release|iPhoneSimulator.ActiveCfg = Release|iPhoneSimulator
		{3EFF7488-D447-41F3-A146-9DCD97E77A3F}.Release|iPhoneSimulator.Build.0 = Release|iPhoneSimulator
		{3EFF7488-D447-41F3-A146-9DCD97E77A3F}.Release|iPhoneSimulator.Deploy.0 = Release|iPhoneSimulator
		{3EFF7488-D447-41F3-A146-9DCD97E77A3F}.Release|x64.ActiveCfg = Release|iPhone
		{3EFF7488-D447-41F3-A146-9DCD97E77A3F}.Release|x64.Build.0 = Release|iPhone
		{3EFF7488-D447-41F3-A146-9DCD97E77A3F}.Release|x64.Deploy.0 = Release|iPhone
		{3EFF7488-D447-41F3-A146-9DCD97E77A3F}.Release|x86.ActiveCfg = Release|iPhone
		{3EFF7488-D447-41F3-A146-9DCD97E77A3F}.Release|x86.Build.0 = Release|iPhone
		{3EFF7488-D447-41F3-A146-9DCD97E77A3F}.Release|x86.Deploy.0 = Release|iPhone
		{C5643278-75B3-438D-89B1-64B2E4FEF517}.Debug|Any CPU.ActiveCfg = Debug|x86
		{C5643278-75B3-438D-89B1-64B2E4FEF517}.Debug|Any CPU.Build.0 = Debug|x86
		{C5643278-75B3-438D-89B1-64B2E4FEF517}.Debug|Any CPU.Deploy.0 = Debug|x86
		{C5643278-75B3-438D-89B1-64B2E4FEF517}.Debug|ARM.ActiveCfg = Debug|ARM
		{C5643278-75B3-438D-89B1-64B2E4FEF517}.Debug|ARM.Build.0 = Debug|ARM
		{C5643278-75B3-438D-89B1-64B2E4FEF517}.Debug|ARM.Deploy.0 = Debug|ARM
		{C5643278-75B3-438D-89B1-64B2E4FEF517}.Debug|iPhone.ActiveCfg = Debug|x86
		{C5643278-75B3-438D-89B1-64B2E4FEF517}.Debug|iPhone.Build.0 = Debug|x86
		{C5643278-75B3-438D-89B1-64B2E4FEF517}.Debug|iPhone.Deploy.0 = Debug|x86
		{C5643278-75B3-438D-89B1-64B2E4FEF517}.Debug|iPhoneSimulator.ActiveCfg = Debug|x86
		{C5643278-75B3-438D-89B1-64B2E4FEF517}.Debug|iPhoneSimulator.Build.0 = Debug|x86
		{C5643278-75B3-438D-89B1-64B2E4FEF517}.Debug|iPhoneSimulator.Deploy.0 = Debug|x86
		{C5643278-75B3-438D-89B1-64B2E4FEF517}.Debug|x64.ActiveCfg = Debug|x64
		{C5643278-75B3-438D-89B1-64B2E4FEF517}.Debug|x64.Build.0 = Debug|x64
		{C5643278-75B3-438D-89B1-64B2E4FEF517}.Debug|x64.Deploy.0 = Debug|x64
		{C5643278-75B3-438D-89B1-64B2E4FEF517}.Debug|x86.ActiveCfg = Debug|x86
		{C5643278-75B3-438D-89B1-64B2E4FEF517}.Debug|x86.Build.0 = Debug|x86
		{C5643278-75B3-438D-89B1-64B2E4FEF517}.Debug|x86.Deploy.0 = Debug|x86
		{C5643278-75B3-438D-89B1-64B2E4FEF517}.Release|Any CPU.ActiveCfg = Release|x86
		{C5643278-75B3-438D-89B1-64B2E4FEF517}.Release|Any CPU.Build.0 = Release|x86
		{C5643278-75B3-438D-89B1-64B2E4FEF517}.Release|Any CPU.Deploy.0 = Release|x86
		{C5643278-75B3-438D-89B1-64B2E4FEF517}.Release|ARM.ActiveCfg = Release|ARM
		{C5643278-75B3-438D-89B1-64B2E4FEF517}.Release|ARM.Build.0 = Release|ARM
		{C5643278-75B3-438D-89B1-64B2E4FEF517}.Release|ARM.Deploy.0 = Release|ARM
		{C5643278-75B3-438D-89B1-64B2E4FEF517}.Release|iPhone.ActiveCfg = Release|x86
		{C5643278-75B3-438D-89B1-64B2E4FEF517}.Release|iPhone.Build.0 = Release|x86
		{C5643278-75B3-438D-89B1-64B2E4FEF517}.Release|iPhone.Deploy.0 = Release|x86
		{C5643278-75B3-438D-89B1-64B2E4FEF517}.Release|iPhoneSimulator.ActiveCfg = Release|x86
		{C5643278-75B3-438D-89B1-64B2E4FEF517}.Release|iPhoneSimulator.Build.0 = Release|x86
		{C5643278-75B3-438D-89B1-64B2E4FEF517}.Release|iPhoneSimulator.Deploy.0 = Release|x86
		{C5643278-75B3-438D-89B1-64B2E4FEF517}.Release|x64.ActiveCfg = Release|x64
		{C5643278-75B3-438D-89B1-64B2E4FEF517}.Release|x64.Build.0 = Release|x64
		{C5643278-75B3-438D-89B1-64B2E4FEF517}.Release|x64.Deploy.0 = Release|x64
		{C5643278-75B3-438D-89B1-64B2E4FEF517}.Release|x86.ActiveCfg = Release|x86
		{C5643278-75B3-438D-89B1-64B2E4FEF517}.Release|x86.Build.0 = Release|x86
		{C5643278-75B3-438D-89B1-64B2E4FEF517}.Release|x86.Deploy.0 = Release|x86
		{F647FFA7-1BC1-4AE4-937F-BE000D6C4DA1}.Debug|Any CPU.ActiveCfg = Debug|Any CPU
		{F647FFA7-1BC1-4AE4-937F-BE000D6C4DA1}.Debug|Any CPU.Build.0 = Debug|Any CPU
		{F647FFA7-1BC1-4AE4-937F-BE000D6C4DA1}.Debug|Any CPU.Deploy.0 = Debug|Any CPU
		{F647FFA7-1BC1-4AE4-937F-BE000D6C4DA1}.Debug|ARM.ActiveCfg = Debug|Any CPU
		{F647FFA7-1BC1-4AE4-937F-BE000D6C4DA1}.Debug|ARM.Build.0 = Debug|Any CPU
		{F647FFA7-1BC1-4AE4-937F-BE000D6C4DA1}.Debug|ARM.Deploy.0 = Debug|Any CPU
		{F647FFA7-1BC1-4AE4-937F-BE000D6C4DA1}.Debug|iPhone.ActiveCfg = Debug|Any CPU
		{F647FFA7-1BC1-4AE4-937F-BE000D6C4DA1}.Debug|iPhone.Build.0 = Debug|Any CPU
		{F647FFA7-1BC1-4AE4-937F-BE000D6C4DA1}.Debug|iPhone.Deploy.0 = Debug|Any CPU
		{F647FFA7-1BC1-4AE4-937F-BE000D6C4DA1}.Debug|iPhoneSimulator.ActiveCfg = Debug|Any CPU
		{F647FFA7-1BC1-4AE4-937F-BE000D6C4DA1}.Debug|iPhoneSimulator.Build.0 = Debug|Any CPU
		{F647FFA7-1BC1-4AE4-937F-BE000D6C4DA1}.Debug|iPhoneSimulator.Deploy.0 = Debug|Any CPU
		{F647FFA7-1BC1-4AE4-937F-BE000D6C4DA1}.Debug|x64.ActiveCfg = Debug|Any CPU
		{F647FFA7-1BC1-4AE4-937F-BE000D6C4DA1}.Debug|x64.Build.0 = Debug|Any CPU
		{F647FFA7-1BC1-4AE4-937F-BE000D6C4DA1}.Debug|x64.Deploy.0 = Debug|Any CPU
		{F647FFA7-1BC1-4AE4-937F-BE000D6C4DA1}.Debug|x86.ActiveCfg = Debug|Any CPU
		{F647FFA7-1BC1-4AE4-937F-BE000D6C4DA1}.Debug|x86.Build.0 = Debug|Any CPU
		{F647FFA7-1BC1-4AE4-937F-BE000D6C4DA1}.Debug|x86.Deploy.0 = Debug|Any CPU
		{F647FFA7-1BC1-4AE4-937F-BE000D6C4DA1}.Release|Any CPU.ActiveCfg = Release|Any CPU
		{F647FFA7-1BC1-4AE4-937F-BE000D6C4DA1}.Release|Any CPU.Build.0 = Release|Any CPU
		{F647FFA7-1BC1-4AE4-937F-BE000D6C4DA1}.Release|Any CPU.Deploy.0 = Release|Any CPU
		{F647FFA7-1BC1-4AE4-937F-BE000D6C4DA1}.Release|ARM.ActiveCfg = Release|Any CPU
		{F647FFA7-1BC1-4AE4-937F-BE000D6C4DA1}.Release|ARM.Build.0 = Release|Any CPU
		{F647FFA7-1BC1-4AE4-937F-BE000D6C4DA1}.Release|ARM.Deploy.0 = Release|Any CPU
		{F647FFA7-1BC1-4AE4-937F-BE000D6C4DA1}.Release|iPhone.ActiveCfg = Release|Any CPU
		{F647FFA7-1BC1-4AE4-937F-BE000D6C4DA1}.Release|iPhone.Build.0 = Release|Any CPU
		{F647FFA7-1BC1-4AE4-937F-BE000D6C4DA1}.Release|iPhone.Deploy.0 = Release|Any CPU
		{F647FFA7-1BC1-4AE4-937F-BE000D6C4DA1}.Release|iPhoneSimulator.ActiveCfg = Release|Any CPU
		{F647FFA7-1BC1-4AE4-937F-BE000D6C4DA1}.Release|iPhoneSimulator.Build.0 = Release|Any CPU
		{F647FFA7-1BC1-4AE4-937F-BE000D6C4DA1}.Release|iPhoneSimulator.Deploy.0 = Release|Any CPU
		{F647FFA7-1BC1-4AE4-937F-BE000D6C4DA1}.Release|x64.ActiveCfg = Release|Any CPU
		{F647FFA7-1BC1-4AE4-937F-BE000D6C4DA1}.Release|x64.Build.0 = Release|Any CPU
		{F647FFA7-1BC1-4AE4-937F-BE000D6C4DA1}.Release|x64.Deploy.0 = Release|Any CPU
		{F647FFA7-1BC1-4AE4-937F-BE000D6C4DA1}.Release|x86.ActiveCfg = Release|Any CPU
		{F647FFA7-1BC1-4AE4-937F-BE000D6C4DA1}.Release|x86.Build.0 = Release|Any CPU
		{F647FFA7-1BC1-4AE4-937F-BE000D6C4DA1}.Release|x86.Deploy.0 = Release|Any CPU
	EndGlobalSection
	GlobalSection(SolutionProperties) = preSolution
		HideSolutionNode = FALSE
	EndGlobalSection
	GlobalSection(ExtensibilityGlobals) = postSolution
		SolutionGuid = {3F88CFC5-4143-4D32-BA8F-71FF89D4EF35}
	EndGlobalSection
EndGlobal
